# This file is autogenerated, do not edit; changes may be undone by the next 'dep ensure'.


[[projects]]
  name = "github.com/golang/protobuf"
  packages = ["proto"]
  revision = "b4deda0973fb4c70b50d226b1af49f3da59f5265"
  version = "v1.1.0"

[[projects]]
  branch = "master"
  name = "github.com/paypal/gatt"
  packages = [
    ".",
    "examples/option",
    "linux",
    "linux/cmd",
    "linux/evt",
    "linux/gioctl",
    "linux/socket",
    "linux/util",
    "xpc"
  ]
  revision = "4ae819d591cfc94c496c45deb55928469542beec"

[[projects]]
  name = "github.com/pkg/errors"
  packages = ["."]
  revision = "645ef00459ed84a119197bfb8d8205042c6df63d"
  version = "v0.8.0"

[[projects]]
  branch = "master"
  name = "golang.org/x/net"
  packages = [
    "bpf",
    "internal/iana",
    "internal/socket",
    "ipv4"
  ]
  revision = "db08ff08e8622530d9ed3a0e8ac279f6d4c02196"

[[projects]]
  branch = "master"
  name = "golang.org/x/sync"
  packages = ["syncmap"]
  revision = "1d60e4601c6fd243af51cc01ddf169918a5407ca"

[solve-meta]
  analyzer-name = "dep"
  analyzer-version = 1
  inputs-digest = "a278ec6668d03449f3ec32505e5eacc47ab61bbeec20c3fd366a0976a29b1b05"
  solver-name = "gps-cdcl"
  solver-version = 1
